
Microsoft Visual Studio Solution File, Format Version 12.00
# Visual Studio Version 17
VisualStudioVersion = 17.10.35004.147
MinimumVisualStudioVersion = 10.0.40219.1
Project("{FAE04EC0-301F-11D3-BF4B-00C04F79EFBC}") = "Console-sSnake", "Console-sSnake.csproj", "{5FF9B495-9336-4592-A948-EF349B8CEDF8}"
EndProject
Global
	GlobalSection(SolutionConfigurationPlatforms) = preSolution
		Debug|Any CPU = Debug|Any CPU
		Release|Any CPU = Release|Any CPU
	EndGlobalSection
	GlobalSection(ProjectConfigurationPlatforms) = postSolution
		{5FF9B495-9336-4592-A948-EF349B8CEDF8}.Debug|Any CPU.ActiveCfg = Debug|Any CPU
		{5FF9B495-9336-4592-A948-EF349B8CEDF8}.Debug|Any CPU.Build.0 = Debug|Any CPU
		{5FF9B495-9336-4592-A948-EF349B8CEDF8}.Release|Any CPU.ActiveCfg = Release|Any CPU
		{5FF9B495-9336-4592-A948-EF349B8CEDF8}.Release|Any CPU.Build.0 = Release|Any CPU
	EndGlobalSection
	GlobalSection(SolutionProperties) = preSolution
		HideSolutionNode = FALSE
	EndGlobalSection
	GlobalSection(ExtensibilityGlobals) = postSolution
		SolutionGuid = {1BA1252F-CDAA-4546-8B25-974B1C149486}
	EndGlobalSection
EndGlobal
